PODS:
  - Alamofire (5.5.0)
  - Kingfisher (6.3.1)
  - LiteAVPrivacy (1.0.0):
    - Masonry
    - SDWebImage
  - lottie-ios (2.5.3)
  - Masonry (1.1.0)
  - MJExtension (3.4.1)
  - MJRefresh (3.7.5)
  - ReactiveObjC (3.1.1)
  - SDWebImage (5.12.5):
    - SDWebImage/Core (= 5.12.5)
  - SDWebImage/Core (5.12.5)
  - SnapKit (5.0.1)
  - SSZipArchive (2.4.3)
  - Toast-Swift (5.0.1)
  - TUIAudioEffect/Live (1.0.0):
    - Masonry
    - TUICore
    - TXLiteAVSDK_Live
  - TUIBarrage (1.0.0):
    - Masonry
    - MJExtension
    - SDWebImage
    - TUICore
    - TXIMSDK_Plus_iOS
  - TUIBeauty/Live (1.0.0):
    - Masonry
    - SSZipArchive
    - TUICore
    - TXLiteAVSDK_Live
  - TUICore (1.0.0):
    - ReactiveObjC
    - SDWebImage
    - TXIMSDK_Plus_iOS
  - TUIGift (1.0.0):
    - lottie-ios (~> 2.5.3)
    - Masonry
    - SDWebImage
    - TUICore
    - TXIMSDK_Plus_iOS
  - TUIPlayer/Live (1.0.0):
    - Masonry
    - TUICore
    - TXLiteAVSDK_Live
  - TUIPusher/Live (1.0.0):
    - Masonry
    - TUICore
    - TXLiteAVSDK_Live
  - TXCopyrightedMedia (1.0.2)
  - TXIMSDK_Plus_iOS (5.7.1435)
  - TXLiteAVSDK_Live (8.5.10017)

DEPENDENCIES:
  - Alamofire
  - Kingfisher
  - LiteAVPrivacy (from `../../LiteAVPrivacy/LiteAVPrivacy.podspec`)
  - MJRefresh
  - SnapKit
  - Toast-Swift
  - TUIAudioEffect/Live (from `../TUIAudioEffect/`)
  - TUIBarrage (from `../TUIBarrage/`)
  - TUIBeauty/Live (from `../TUIBeauty/`)
  - TUICore (from `../TUICore/`)
  - TUIGift (from `../TUIGift/`)
  - TUIPlayer/Live (from `../TUIPlayer/`)
  - TUIPusher/Live (from `../TUIPusher/`)
  - TXCopyrightedMedia (from `https://mediacloud-76607.gzc.vod.tencent-cloud.com/Podspec/TXCopyrightedMedia/1.0.2/TXCopyrightedMedia.podspec`)
  - TXIMSDK_Plus_iOS (= 5.7.1435)
  - TXLiteAVSDK_Live (from `../../SDK/`)

SPEC REPOS:
  https://github.com/CocoaPods/Specs.git:
    - Alamofire
    - Kingfisher
    - lottie-ios
    - Masonry
    - MJExtension
    - MJRefresh
    - ReactiveObjC
    - SDWebImage
    - SnapKit
    - SSZipArchive
    - Toast-Swift
    - TXIMSDK_Plus_iOS

EXTERNAL SOURCES:
  LiteAVPrivacy:
    :path: "../../LiteAVPrivacy/LiteAVPrivacy.podspec"
  TUIAudioEffect:
    :path: "../TUIAudioEffect/"
  TUIBarrage:
    :path: "../TUIBarrage/"
  TUIBeauty:
    :path: "../TUIBeauty/"
  TUICore:
    :path: "../TUICore/"
  TUIGift:
    :path: "../TUIGift/"
  TUIPlayer:
    :path: "../TUIPlayer/"
  TUIPusher:
    :path: "../TUIPusher/"
  TXCopyrightedMedia:
    :podspec: https://mediacloud-76607.gzc.vod.tencent-cloud.com/Podspec/TXCopyrightedMedia/1.0.2/TXCopyrightedMedia.podspec
  TXLiteAVSDK_Live:
    :path: "../../SDK/"

SPEC CHECKSUMS:
  Alamofire: 1c4fb5369c3fe93d2857c780d8bbe09f06f97e7c
  Kingfisher: 016c8b653a35add51dd34a3aba36b580041acc74
  LiteAVPrivacy: e7294cbe473da84b53f949dc2e5ec5105307a69f
  lottie-ios: a50d5c0160425cd4b01b852bb9578963e6d92d31
  Masonry: 678fab65091a9290e40e2832a55e7ab731aad201
  MJExtension: 21c5f6f8c4d5d8844b7ae8fbae08fed0b501f961
  MJRefresh: fdf5e979eb406a0341468932d1dfc8b7f9fce961
  ReactiveObjC: 011caa393aa0383245f2dcf9bf02e86b80b36040
  SDWebImage: 0905f1b7760fc8ac4198cae0036600d67478751e
  SnapKit: 97b92857e3df3a0c71833cce143274bf6ef8e5eb
  SSZipArchive: fe6a26b2a54d5a0890f2567b5cc6de5caa600aef
  Toast-Swift: 9b6a70f28b3bf0b96c40d46c0c4b9d6639846711
  TUIAudioEffect: e43dfdef17134a0f5402debdefafe634fce3f32c
  TUIBarrage: 3f4113016adbf98c9f30714b08720fdd900fd470
  TUIBeauty: 48c430d32bee2dd562759d86d7d178c7ee9b4404
  TUICore: 879aa43e30a73089deaa7bb5b86746321ebbfa45
  TUIGift: 1b480996fc5ab04fe1d73b05b09b19f54e0e64c6
  TUIPlayer: 1d67b426247a5b37ae9142a3f7723728cbdb51df
  TUIPusher: 3687ab16a21502a56e8d6b6888e20a4957fdd227
  TXCopyrightedMedia: b8bb83beb43413ac0cb11d7e1efdd015ed976a8a
  TXIMSDK_Plus_iOS: 4b7c1097ea9899f7bf95fa90e2cb4471389f93dd
  TXLiteAVSDK_Live: 2af77dc7048f7981ac92afbba98ce8a74760951f

PODFILE CHECKSUM: 429008b727687952aafaff3b85c9051dc9d720b9

COCOAPODS: 1.11.2
